# requirements.lock - generated by scripts/lockfile.py; do not hand-edit.
# Exact resolved versions for the direct requirements in requirements.txt
# plus their transitive dependencies. Regenerate after any dependency
# change:  python3 scripts/lockfile.py generate
certifi==2025.4.26
charset-normalizer==3.4.2
idna==3.10
prometheus-client==0.26.0
python-dotenv==1.1.0
requests==2.32.3
urllib3==2.4.0
